
Microsoft Visual Studio Solution File, Format Version 12.00
# Visual Studio Version 17
VisualStudioVersion = 17.12.35527.113 d17.12
MinimumVisualStudioVersion = 10.0.40219.1
Project("{FAE04EC0-301F-11D3-BF4B-00C04F79EFBC}") = "DansDevTools", "DansDevTools.csproj", "{3BC4B546-5584-4D60-853B-CAD3681EE12E}"
EndProject
Global
	GlobalSection(SolutionConfigurationPlatforms) = preSolution
		Debug|Any CPU = Debug|Any CPU
		Release|Any CPU = Release|Any CPU
	EndGlobalSection
	GlobalSection(ProjectConfigurationPlatforms) = postSolution
		{3BC4B546-5584-4D60-853B-CAD3681EE12E}.Debug|Any CPU.ActiveCfg = Debug|Any CPU
		{3BC4B546-5584-4D60-853B-CAD3681EE12E}.Debug|Any CPU.Build.0 = Debug|Any CPU
		{3BC4B546-5584-4D60-853B-CAD3681EE12E}.Release|Any CPU.ActiveCfg = Release|Any CPU
		{3BC4B546-5584-4D60-853B-CAD3681EE12E}.Release|Any CPU.Build.0 = Release|Any CPU
	EndGlobalSection
	GlobalSection(SolutionProperties) = preSolution
		HideSolutionNode = FALSE
	EndGlobalSection
EndGlobal
